
Microsoft Visual Studio Solution File, Format Version 12.00
# Visual Studio 15
VisualStudioVersion = 15.0.27004.2010
MinimumVisualStudioVersion = 10.0.40219.1
Project("{FAE04EC0-301F-11D3-BF4B-00C04F79EFBC}") = "Facturatie tool", "Facturatie tool\Facturatie tool.csproj", "{C92DC8B5-FA4A-43BF-BA64-0C1CDAADE2DA}"
EndProject
Global
	GlobalSection(SolutionConfigurationPlatforms) = preSolution
		Debug|Any CPU = Debug|Any CPU
		Release|Any CPU = Release|Any CPU
	EndGlobalSection
	GlobalSection(ProjectConfigurationPlatforms) = postSolution
		{C92DC8B5-FA4A-43BF-BA64-0C1CDAADE2DA}.Debug|Any CPU.ActiveCfg = Debug|Any CPU
		{C92DC8B5-FA4A-43BF-BA64-0C1CDAADE2DA}.Debug|Any CPU.Build.0 = Debug|Any CPU
		{C92DC8B5-FA4A-43BF-BA64-0C1CDAADE2DA}.Release|Any CPU.ActiveCfg = Release|Any CPU
		{C92DC8B5-FA4A-43BF-BA64-0C1CDAADE2DA}.Release|Any CPU.Build.0 = Release|Any CPU
	EndGlobalSection
	GlobalSection(SolutionProperties) = preSolution
		HideSolutionNode = FALSE
	EndGlobalSection
	GlobalSection(ExtensibilityGlobals) = postSolution
		SolutionGuid = {AA5D8594-DED4-46E0-ADC7-E2E728D2BF94}
	EndGlobalSection
EndGlobal
